{
  "name": "vscode-xicons-preview",
  "version": "1.1.0",
  "lockfileVersion": 3,
  "requires": true,
  "packages": {
    "": {
      "name": "vscode-xicons-preview",
      "version": "1.1.0",
      "dependencies": {
        "@sicons/antd": "^0.12.0",
        "@sicons/carbon": "^0.12.0",
        "@sicons/fa": "^0.12.0",
        "@sicons/fluent": "^0.12.0",
        "@sicons/ionicons4": "^0.12.0",
        "@sicons/ionicons5": "^0.12.0",
        "@sicons/material": "^0.12.0",
        "@sicons/tabler": "^0.12.0",
        "perfect-debounce": "^1.0.0",
        "scule": "^1.0.0",
        "svg64": "^2.0.0"
      },
      "devDependencies": {
        "@types/node": "16.x",
        "@types/vscode": "^1.82.0",
        "csstype": "^3.1.2",
        "prettier": "^3.0.3",
        "typescript": "^5.1.6"
      },
      "engines": {
        "vscode": "^1.82.0"
      }
    },
    "node_modules/@sicons/antd": {
      "version": "0.12.0",
      "resolved": "https://registry.npmjs.org/@sicons/antd/-/antd-0.12.0.tgz",
      "integrity": "sha512-nLm11Q29BPXlYXVnIYXUfahtrWFiNwv4I11vl4afIQyrlUVcoerjNLDseHKXhDkjQIVCwBD89UkFB+KuXbpdYQ=="
    },
    "node_modules/@sicons/carbon": {
      "version": "0.12.0",
      "resolved": "https://registry.npmjs.org/@sicons/carbon/-/carbon-0.12.0.tgz",
      "integrity": "sha512-SqJQSCWeCPM+V2cdJZSEXfHSsdfHb94IlDmpdyf9O0lBrW45dGlv0FRIRS5esMoffeg7s2ieWyzj5yEH5Qd35Q=="
    },
    "node_modules/@sicons/fa": {
      "version": "0.12.0",
      "resolved": "https://registry.npmjs.org/@sicons/fa/-/fa-0.12.0.tgz",
      "integrity": "sha512-YIesxyC8Z+aTeog9ZJPV1D0r9c2uz9NiRnhL+I3FhQw7MT4/S8Qovjb04H/BadmSL/O15lwpr8MWe6aC09zsZQ=="
    },
    "node_modules/@sicons/fluent": {
      "version": "0.12.0",
      "resolved": "https://registry.npmjs.org/@sicons/fluent/-/fluent-0.12.0.tgz",
      "integrity": "sha512-qSIf2hfHkC4DLkc6aI9878JLOHKQBCn9zxobdfyKMuTV6FyyKyoSagwnf46WUUhOfEtXz91udsYcAY2Y3ePjsA=="
    },
    "node_modules/@sicons/ionicons4": {
      "version": "0.12.0",
      "resolved": "https://registry.npmjs.org/@sicons/ionicons4/-/ionicons4-0.12.0.tgz",
      "integrity": "sha512-dLi80S2Q31Rs2OwGRE8GezP60TmtYbDNn7HVRkkO5o8EuVD+em/I0G/SyK94lyQZH7lW3UuxVyVQAj6ehOOGJA=="
    },
    "node_modules/@sicons/ionicons5": {
      "version": "0.12.0",
      "resolved": "https://registry.npmjs.org/@sicons/ionicons5/-/ionicons5-0.12.0.tgz",
      "integrity": "sha512-QUCY3vgysBaQZXd6yYR1JDthpxFfwh6RVKUDaLPq2pooabeZtxvC6XI1jVJIhPDj9UP+P0MfRSrZp9BhdTG82w=="
    },
    "node_modules/@sicons/material": {
      "version": "0.12.0",
      "resolved": "https://registry.npmjs.org/@sicons/material/-/material-0.12.0.tgz",
      "integrity": "sha512-6KJiVna9aW3oKc/Fe2yX/bqM/Svu70nLWl3QRsSY4gMdBDnacxh7F1QS64wERjcl+6aux81Pr2JkWTfp8L0tmw=="
    },
    "node_modules/@sicons/tabler": {
      "version": "0.12.0",
      "resolved": "https://registry.npmjs.org/@sicons/tabler/-/tabler-0.12.0.tgz",
      "integrity": "sha512-ccTHbVUc5l+tu9MKM+YxL5DxqvmMkZo8Txjvs51giWdMQtZE5cryxBommaR654f6ELPexJJw1PNBiiMlD91XDw=="
    },
    "node_modules/@types/node": {
      "version": "16.18.54",
      "resolved": "https://registry.npmjs.org/@types/node/-/node-16.18.54.tgz",
      "integrity": "sha512-oTmGy68gxZZ21FhTJVVvZBYpQHEBZxHKTsGshobMqm9qWpbqdZsA5jvsuPZcHu0KwpmLrOHWPdEfg7XDpNT9UA==",
      "dev": true
    },
    "node_modules/@types/vscode": {
      "version": "1.82.0",
      "resolved": "https://registry.npmjs.org/@types/vscode/-/vscode-1.82.0.tgz",
      "integrity": "sha512-VSHV+VnpF8DEm8LNrn8OJ8VuUNcBzN3tMvKrNpbhhfuVjFm82+6v44AbDhLvVFgCzn6vs94EJNTp7w8S6+Q1Rw==",
      "dev": true
    },
    "node_modules/csstype": {
      "version": "3.1.2",
      "resolved": "https://registry.npmjs.org/csstype/-/csstype-3.1.2.tgz",
      "integrity": "sha512-I7K1Uu0MBPzaFKg4nI5Q7Vs2t+3gWWW648spaF+Rg7pI9ds18Ugn+lvg4SHczUdKlHI5LWBXyqfS8+DufyBsgQ==",
      "dev": true
    },
    "node_modules/perfect-debounce": {
      "version": "1.0.0",
      "resolved": "https://registry.npmjs.org/perfect-debounce/-/perfect-debounce-1.0.0.tgz",
      "integrity": "sha512-xCy9V055GLEqoFaHoC1SoLIaLmWctgCUaBaWxDZ7/Zx4CTyX7cJQLJOok/orfjZAh9kEYpjJa4d0KcJmCbctZA=="
    },
    "node_modules/prettier": {
      "version": "3.0.3",
      "resolved": "https://registry.npmjs.org/prettier/-/prettier-3.0.3.tgz",
      "integrity": "sha512-L/4pUDMxcNa8R/EthV08Zt42WBO4h1rarVtK0K+QJG0X187OLo7l699jWw0GKuwzkPQ//jMFA/8Xm6Fh3J/DAg==",
      "dev": true,
      "bin": {
        "prettier": "bin/prettier.cjs"
      },
      "engines": {
        "node": ">=14"
      },
      "funding": {
        "url": "https://github.com/prettier/prettier?sponsor=1"
      }
    },
    "node_modules/scule": {
      "version": "1.0.0",
      "resolved": "https://registry.npmjs.org/scule/-/scule-1.0.0.tgz",
      "integrity": "sha512-4AsO/FrViE/iDNEPaAQlb77tf0csuq27EsVpy6ett584EcRTp6pTDLoGWVxCD77y5iU5FauOvhsI4o1APwPoSQ=="
    },
    "node_modules/svg64": {
      "version": "2.0.0",
      "resolved": "https://registry.npmjs.org/svg64/-/svg64-2.0.0.tgz",
      "integrity": "sha512-EVgAisxMctUNDSjKGFcx4tkcFrvdqtLIy/MdbBdqcwfpPwsBcwoSKQi+WYoc82c4XWFNVVIwpCup3rpY+M9KJw==",
      "funding": {
        "url": "https://github.com/sponsors/scriptex"
      }
    },
    "node_modules/typescript": {
      "version": "5.2.2",
      "resolved": "https://registry.npmjs.org/typescript/-/typescript-5.2.2.tgz",
      "integrity": "sha512-mI4WrpHsbCIcwT9cF4FZvr80QUeKvsUsUvKDoR+X/7XHQH98xYD8YHZg7ANtz2GtZt/CBq2QJ0thkGJMHfqc1w==",
      "dev": true,
      "bin": {
        "tsc": "bin/tsc",
        "tsserver": "bin/tsserver"
      },
      "engines": {
        "node": ">=14.17"
      }
    }
  }
}
